# This file is autogenerated, do not edit; changes may be undone by the next 'dep ensure'.


[[projects]]
  digest = "1:cbc72c4c4886a918d6ab4b95e347ffe259846260f99ebdd8a198c2331cf2b2e9"
  name = "gopkg.in/go-playground/validator.v8"
  packages = ["."]
  pruneopts = "UT"
  revision = "5f1438d3fca68893a817e4a66806cea46a9e4ebf"
  version = "v8.18.2"

[solve-meta]
  analyzer-name = "dep"
  analyzer-version = 1
  input-imports = ["gopkg.in/go-playground/validator.v8"]
  solver-name = "gps-cdcl"
  solver-version = 1
